
Microsoft Visual Studio Solution File, Format Version 12.00
# Visual Studio Version 16
VisualStudioVersion = 16.0.29009.5
MinimumVisualStudioVersion = 10.0.40219.1
Project("{FAE04EC0-301F-11D3-BF4B-00C04F79EFBC}") = "SendText", "SendText.csproj", "{94F59660-80E2-4939-8927-59DB1AA2ED43}"
EndProject
Global
	GlobalSection(SolutionConfigurationPlatforms) = preSolution
		Debug|Any CPU = Debug|Any CPU
		Release|Any CPU = Release|Any CPU
	EndGlobalSection
	GlobalSection(ProjectConfigurationPlatforms) = postSolution
		{94F59660-80E2-4939-8927-59DB1AA2ED43}.Debug|Any CPU.ActiveCfg = Debug|Any CPU
		{94F59660-80E2-4939-8927-59DB1AA2ED43}.Debug|Any CPU.Build.0 = Debug|Any CPU
		{94F59660-80E2-4939-8927-59DB1AA2ED43}.Release|Any CPU.ActiveCfg = Release|Any CPU
		{94F59660-80E2-4939-8927-59DB1AA2ED43}.Release|Any CPU.Build.0 = Release|Any CPU
	EndGlobalSection
	GlobalSection(SolutionProperties) = preSolution
		HideSolutionNode = FALSE
	EndGlobalSection
	GlobalSection(ExtensibilityGlobals) = postSolution
		SolutionGuid = {E1F1C87F-B32A-42AD-8A7B-406F89B538BC}
	EndGlobalSection
EndGlobal
